
Microsoft Visual Studio Solution File, Format Version 12.00
# Visual Studio 15
VisualStudioVersion = 15.0.27004.2008
MinimumVisualStudioVersion = 10.0.40219.1
Project("{FAE04EC0-301F-11D3-BF4B-00C04F79EFBC}") = "PcmHammer", "PcmHammer\PcmHammer.csproj", "{A6B28831-A16F-48F3-8C48-9B02CF0B6678}"
EndProject
Project("{FAE04EC0-301F-11D3-BF4B-00C04F79EFBC}") = "Tests", "Tests\Tests.csproj", "{0AA6F273-995D-4ADE-8CBB-DB1B6E8A0FCE}"
EndProject
Project("{9A19103F-16F7-4668-BE54-9A1E7A4F7556}") = "PcmLibrary", "PcmLibrary\PcmLibrary.csproj", "{0B317C5A-E078-4A96-8E7A-00601BCA1429}"
EndProject
Project("{FAE04EC0-301F-11D3-BF4B-00C04F79EFBC}") = "PcmLogger", "PcmLogger\PcmLogger.csproj", "{6A473C4F-A1A3-4CFB-8167-13F4064C1639}"
EndProject
Project("{FAE04EC0-301F-11D3-BF4B-00C04F79EFBC}") = "PcmLibraryWindowsForms", "PcmLibraryWindowsForms\PcmLibraryWindowsForms.csproj", "{4ADB5D87-D4D5-4D12-8681-A9E2D4C52DF6}"
EndProject
Project("{FAE04EC0-301F-11D3-BF4B-00C04F79EFBC}") = "VpwExplorer", "VpwExplorer\VpwExplorer.csproj", "{2B57ABC7-9994-4DB3-9403-B22471A0DDA1}"
EndProject
Global
	GlobalSection(SolutionConfigurationPlatforms) = preSolution
		Debug|Any CPU = Debug|Any CPU
		Release|Any CPU = Release|Any CPU
	EndGlobalSection
	GlobalSection(ProjectConfigurationPlatforms) = postSolution
		{A6B28831-A16F-48F3-8C48-9B02CF0B6678}.Debug|Any CPU.ActiveCfg = Debug|Any CPU
		{A6B28831-A16F-48F3-8C48-9B02CF0B6678}.Debug|Any CPU.Build.0 = Debug|Any CPU
		{A6B28831-A16F-48F3-8C48-9B02CF0B6678}.Release|Any CPU.ActiveCfg = Release|Any CPU
		{A6B28831-A16F-48F3-8C48-9B02CF0B6678}.Release|Any CPU.Build.0 = Release|Any CPU
		{0AA6F273-995D-4ADE-8CBB-DB1B6E8A0FCE}.Debug|Any CPU.ActiveCfg = Debug|Any CPU
		{0AA6F273-995D-4ADE-8CBB-DB1B6E8A0FCE}.Debug|Any CPU.Build.0 = Debug|Any CPU
		{0AA6F273-995D-4ADE-8CBB-DB1B6E8A0FCE}.Release|Any CPU.ActiveCfg = Release|Any CPU
		{0AA6F273-995D-4ADE-8CBB-DB1B6E8A0FCE}.Release|Any CPU.Build.0 = Release|Any CPU
		{0B317C5A-E078-4A96-8E7A-00601BCA1429}.Debug|Any CPU.ActiveCfg = Debug|Any CPU
		{0B317C5A-E078-4A96-8E7A-00601BCA1429}.Debug|Any CPU.Build.0 = Debug|Any CPU
		{0B317C5A-E078-4A96-8E7A-00601BCA1429}.Release|Any CPU.ActiveCfg = Release|Any CPU
		{0B317C5A-E078-4A96-8E7A-00601BCA1429}.Release|Any CPU.Build.0 = Release|Any CPU
		{6A473C4F-A1A3-4CFB-8167-13F4064C1639}.Debug|Any CPU.ActiveCfg = Debug|Any CPU
		{6A473C4F-A1A3-4CFB-8167-13F4064C1639}.Debug|Any CPU.Build.0 = Debug|Any CPU
		{6A473C4F-A1A3-4CFB-8167-13F4064C1639}.Release|Any CPU.ActiveCfg = Release|Any CPU
		{6A473C4F-A1A3-4CFB-8167-13F4064C1639}.Release|Any CPU.Build.0 = Release|Any CPU
		{4ADB5D87-D4D5-4D12-8681-A9E2D4C52DF6}.Debug|Any CPU.ActiveCfg = Debug|Any CPU
		{4ADB5D87-D4D5-4D12-8681-A9E2D4C52DF6}.Debug|Any CPU.Build.0 = Debug|Any CPU
		{4ADB5D87-D4D5-4D12-8681-A9E2D4C52DF6}.Release|Any CPU.ActiveCfg = Release|Any CPU
		{4ADB5D87-D4D5-4D12-8681-A9E2D4C52DF6}.Release|Any CPU.Build.0 = Release|Any CPU
		{2B57ABC7-9994-4DB3-9403-B22471A0DDA1}.Debug|Any CPU.ActiveCfg = Debug|Any CPU
		{2B57ABC7-9994-4DB3-9403-B22471A0DDA1}.Debug|Any CPU.Build.0 = Debug|Any CPU
		{2B57ABC7-9994-4DB3-9403-B22471A0DDA1}.Release|Any CPU.ActiveCfg = Release|Any CPU
		{2B57ABC7-9994-4DB3-9403-B22471A0DDA1}.Release|Any CPU.Build.0 = Release|Any CPU
	EndGlobalSection
	GlobalSection(SolutionProperties) = preSolution
		HideSolutionNode = FALSE
	EndGlobalSection
	GlobalSection(ExtensibilityGlobals) = postSolution
		SolutionGuid = {E19457D5-96EB-4FDE-A87C-B4B72B547EEE}
	EndGlobalSection
EndGlobal
